// !$*UTF8*$!
{
	archiveVersion = 1;
	classes = {
	};
	objectVersion = 46;
	objects = {

/* Begin PBXBuildFile section */
		3E75AD761E3E1EC8001FC553 /* AppDelegate.swift in Sources */ = {isa = PBXBuildFile; fileRef = 3E75AD751E3E1EC8001FC553 /* AppDelegate.swift */; };
		3E75AD781E3E1EC8001FC553 /* ViewController.swift in Sources */ = {isa = PBXBuildFile; fileRef = 3E75AD771E3E1EC8001FC553 /* ViewController.swift */; };
		3E75AD7B1E3E1EC8001FC553 /* Main.storyboard in Resources */ = {isa = PBXBuildFile; fileRef = 3E75AD791E3E1EC8001FC553 /* Main.storyboard */; };
		3E75AD7E1E3E1EC8001FC553 /* Secret_Menu_for_Starbucks_2.xcdatamodeld in Sources */ = {isa = PBXBuildFile; fileRef = 3E75AD7C1E3E1EC8001FC553 /* Secret_Menu_for_Starbucks_2.xcdatamodeld */; };
		3E75AD801E3E1EC8001FC553 /* Assets.xcassets in Resources */ = {isa = PBXBuildFile; fileRef = 3E75AD7F1E3E1EC8001FC553 /* Assets.xcassets */; };
		3E75AD831E3E1EC8001FC553 /* LaunchScreen.storyboard in Resources */ = {isa = PBXBuildFile; fileRef = 3E75AD811E3E1EC8001FC553 /* LaunchScreen.storyboard */; };
		3E75AD8B1E3E2365001FC553 /* StoreFinderViewController.swift in Sources */ = {isa = PBXBuildFile; fileRef = 3E75AD8A1E3E2365001FC553 /* StoreFinderViewController.swift */; };
		3E75AD8D1E3E246F001FC553 /* DrinksTableViewController.swift in Sources */ = {isa = PBXBuildFile; fileRef = 3E75AD8C1E3E246F001FC553 /* DrinksTableViewController.swift */; };
		3E75AD8F1E3E25A0001FC553 /* 1485718129_Appliances-26.png in Resources */ = {isa = PBXBuildFile; fileRef = 3E75AD8E1E3E25A0001FC553 /* 1485718129_Appliances-26.png */; };
		3E75AD911E3E2827001FC553 /* 1485718777_Appliances-26.png in Resources */ = {isa = PBXBuildFile; fileRef = 3E75AD901E3E2827001FC553 /* 1485718777_Appliances-26.png */; };
/* End PBXBuildFile section */

/* Begin PBXFileReference section */
		3E75AD721E3E1EC8001FC553 /* Secret Menu for Starbucks 2.app */ = {isa = PBXFileReference; explicitFileType = wrapper.application; includeInIndex = 0; path = "Secret Menu for Starbucks 2.app"; sourceTree = BUILT_PRODUCTS_DIR; };
		3E75AD751E3E1EC8001FC553 /* AppDelegate.swift */ = {isa = PBXFileReference; lastKnownFileType = sourcecode.swift; path = AppDelegate.swift; sourceTree = "<group>"; };
		3E75AD771E3E1EC8001FC553 /* ViewController.swift */ = {isa = PBXFileReference; lastKnownFileType = sourcecode.swift; path = ViewController.swift; sourceTree = "<group>"; };
		3E75AD7A1E3E1EC8001FC553 /* Base */ = {isa = PBXFileReference; lastKnownFileType = file.storyboard; name = Base; path = Base.lproj/Main.storyboard; sourceTree = "<group>"; };
		3E75AD7D1E3E1EC8001FC553 /* Secret_Menu_for_Starbucks_2.xcdatamodel */ = {isa = PBXFileReference; lastKnownFileType = wrapper.xcdatamodel; path = Secret_Menu_for_Starbucks_2.xcdatamodel; sourceTree = "<group>"; };
		3E75AD7F1E3E1EC8001FC553 /* Assets.xcassets */ = {isa = PBXFileReference; lastKnownFileType = folder.assetcatalog; path = Assets.xcassets; sourceTree = "<group>"; };
		3E75AD821E3E1EC8001FC553 /* Base */ = {isa = PBXFileReference; lastKnownFileType = file.storyboard; name = Base; path = Base.lproj/LaunchScreen.storyboard; sourceTree = "<group>"; };
		3E75AD841E3E1EC8001FC553 /* Info.plist */ = {isa = PBXFileReference; lastKnownFileType = text.plist.xml; path = Info.plist; sourceTree = "<group>"; };
		3E75AD8A1E3E2365001FC553 /* StoreFinderViewController.swift */ = {isa = PBXFileReference; fileEncoding = 4; lastKnownFileType = sourcecode.swift; path = StoreFinderViewController.swift; sourceTree = "<group>"; };
		3E75AD8C1E3E246F001FC553 /* DrinksTableViewController.swift */ = {isa = PBXFileReference; fileEncoding = 4; lastKnownFileType = sourcecode.swift; path = DrinksTableViewController.swift; sourceTree = "<group>"; };
		3E75AD8E1E3E25A0001FC553 /* 1485718129_Appliances-26.png */ = {isa = PBXFileReference; lastKnownFileType = image.png; path = "1485718129_Appliances-26.png"; sourceTree = "<group>"; };
		3E75AD901E3E2827001FC553 /* 1485718777_Appliances-26.png */ = {isa = PBXFileReference; lastKnownFileType = image.png; path = "1485718777_Appliances-26.png"; sourceTree = "<group>"; };
/* End PBXFileReference section */

/* Begin PBXFrameworksBuildPhase section */
		3E75AD6F1E3E1EC8001FC553 /* Frameworks */ = {
			isa = PBXFrameworksBuildPhase;
			buildActionMask = 2147483647;
			files = (
			);
			runOnlyForDeploymentPostprocessing = 0;
		};
/* End PBXFrameworksBuildPhase section */

/* Begin PBXGroup section */
		3E75AD691E3E1EC8001FC553 = {
			isa = PBXGroup;
			children = (
				3E75AD741E3E1EC8001FC553 /* Secret Menu for Starbucks 2 */,
				3E75AD731E3E1EC8001FC553 /* Products */,
				3E75AD8E1E3E25A0001FC553 /* 1485718129_Appliances-26.png */,
				3E75AD901E3E2827001FC553 /* 1485718777_Appliances-26.png */,
			);
			sourceTree = "<group>";
		};
		3E75AD731E3E1EC8001FC553 /* Products */ = {
			isa = PBXGroup;
			children = (
				3E75AD721E3E1EC8001FC553 /* Secret Menu for Starbucks 2.app */,
			);
			name = Products;
			sourceTree = "<group>";
		};
		3E75AD741E3E1EC8001FC553 /* Secret Menu for Starbucks 2 */ = {
			isa = PBXGroup;
			children = (
				3E75AD751E3E1EC8001FC553 /* AppDelegate.swift */,
				3E75AD771E3E1EC8001FC553 /* ViewController.swift */,
				3E75AD791E3E1EC8001FC553 /* Main.storyboard */,
				3E75AD8C1E3E246F001FC553 /* DrinksTableViewController.swift */,
				3E75AD8A1E3E2365001FC553 /* StoreFinderViewController.swift */,
				3E75AD7F1E3E1EC8001FC553 /* Assets.xcassets */,
				3E75AD811E3E1EC8001FC553 /* LaunchScreen.storyboard */,
				3E75AD841E3E1EC8001FC553 /* Info.plist */,
				3E75AD7C1E3E1EC8001FC553 /* Secret_Menu_for_Starbucks_2.xcdatamodeld */,
			);
			path = "Secret Menu for Starbucks 2";
			sourceTree = "<group>";
		};
/* End PBXGroup section */

/* Begin PBXNativeTarget section */
		3E75AD711E3E1EC8001FC553 /* Secret Menu for Starbucks 2 */ = {
			isa = PBXNativeTarget;
			buildConfigurationList = 3E75AD871E3E1EC8001FC553 /* Build configuration list for PBXNativeTarget "Secret Menu for Starbucks 2" */;
			buildPhases = (
				3E75AD6E1E3E1EC8001FC553 /* Sources */,
				3E75AD6F1E3E1EC8001FC553 /* Frameworks */,
				3E75AD701E3E1EC8001FC553 /* Resources */,
			);
			buildRules = (
			);
			dependencies = (
			);
			name = "Secret Menu for Starbucks 2";
			productName = "Secret Menu for Starbucks 2";
			productReference = 3E75AD721E3E1EC8001FC553 /* Secret Menu for Starbucks 2.app */;
			productType = "com.apple.product-type.application";
		};
/* End PBXNativeTarget section */

/* Begin PBXProject section */
		3E75AD6A1E3E1EC8001FC553 /* Project object */ = {
			isa = PBXProject;
			attributes = {
				LastSwiftUpdateCheck = 0820;
				LastUpgradeCheck = 0820;
				ORGANIZATIONNAME = "George Gogarten";
				TargetAttributes = {
					3E75AD711E3E1EC8001FC553 = {
						CreatedOnToolsVersion = 8.2.1;
						DevelopmentTeam = C8G9U4K76Y;
						ProvisioningStyle = Automatic;
					};
				};
			};
			buildConfigurationList = 3E75AD6D1E3E1EC8001FC553 /* Build configuration list for PBXProject "Secret Menu for Starbucks 2" */;
			compatibilityVersion = "Xcode 3.2";
			developmentRegion = English;
			hasScannedForEncodings = 0;
			knownRegions = (
				en,
				Base,
			);
			mainGroup = 3E75AD691E3E1EC8001FC553;
			productRefGroup = 3E75AD731E3E1EC8001FC553 /* Products */;
			projectDirPath = "";
			projectRoot = "";
			targets = (
				3E75AD711E3E1EC8001FC553 /* Secret Menu for Starbucks 2 */,
			);
		};
/* End PBXProject section */

/* Begin PBXResourcesBuildPhase section */
		3E75AD701E3E1EC8001FC553 /* Resources */ = {
			isa = PBXResourcesBuildPhase;
			buildActionMask = 2147483647;
			files = (
				3E75AD911E3E2827001FC553 /* 1485718777_Appliances-26.png in Resources */,
				3E75AD831E3E1EC8001FC553 /* LaunchScreen.storyboard in Resources */,
				3E75AD8F1E3E25A0001FC553 /* 1485718129_Appliances-26.png in Resources */,
				3E75AD801E3E1EC8001FC553 /* Assets.xcassets in Resources */,
				3E75AD7B1E3E1EC8001FC553 /* Main.storyboard in Resources */,
			);
			runOnlyForDeploymentPostprocessing = 0;
		};
/* End PBXResourcesBuildPhase section */

/* Begin PBXSourcesBuildPhase section */
		3E75AD6E1E3E1EC8001FC553 /* Sources */ = {
			isa = PBXSourcesBuildPhase;
			buildActionMask = 2147483647;
			files = (
				3E75AD7E1E3E1EC8001FC553 /* Secret_Menu_for_Starbucks_2.xcdatamodeld in Sources */,
				3E75AD8D1E3E246F001FC553 /* DrinksTableViewController.swift in Sources */,
				3E75AD781E3E1EC8001FC553 /* ViewController.swift in Sources */,
				3E75AD8B1E3E2365001FC553 /* StoreFinderViewController.swift in Sources */,
				3E75AD761E3E1EC8001FC553 /* AppDelegate.swift in Sources */,
			);
			runOnlyForDeploymentPostprocessing = 0;
		};
/* End PBXSourcesBuildPhase section */

/* Begin PBXVariantGroup section */
		3E75AD791E3E1EC8001FC553 /* Main.storyboard */ = {
			isa = PBXVariantGroup;
			children = (
				3E75AD7A1E3E1EC8001FC553 /* Base */,
			);
			name = Main.storyboard;
			sourceTree = "<group>";
		};
		3E75AD811E3E1EC8001FC553 /* LaunchScreen.storyboard */ = {
			isa = PBXVariantGroup;
			children = (
				3E75AD821E3E1EC8001FC553 /* Base */,
			);
			name = LaunchScreen.storyboard;
			sourceTree = "<group>";
		};
/* End PBXVariantGroup section */

/* Begin XCBuildConfiguration section */
		3E75AD851E3E1EC8001FC553 /* Debug */ = {
			isa = XCBuildConfiguration;
			buildSettings = {
				ALWAYS_SEARCH_USER_PATHS = NO;
				CLANG_ANALYZER_NONNULL = YES;
				CLANG_CXX_LANGUAGE_STANDARD = "gnu++0x";
				CLANG_CXX_LIBRARY = "libc++";
				CLANG_ENABLE_MODULES = YES;
				CLANG_ENABLE_OBJC_ARC = YES;
				CLANG_WARN_BOOL_CONVERSION = YES;
				CLANG_WARN_CONSTANT_CONVERSION = YES;
				CLANG_WARN_DIRECT_OBJC_ISA_USAGE = YES_ERROR;
				CLANG_WARN_DOCUMENTATION_COMMENTS = YES;
				CLANG_WARN_EMPTY_BODY = YES;
				CLANG_WARN_ENUM_CONVERSION = YES;
				CLANG_WARN_INFINITE_RECURSION = YES;
				CLANG_WARN_INT_CONVERSION = YES;
				CLANG_WARN_OBJC_ROOT_CLASS = YES_ERROR;
				CLANG_WARN_SUSPICIOUS_MOVE = YES;
				CLANG_WARN_UNREACHABLE_CODE = YES;
				CLANG_WARN__DUPLICATE_METHOD_MATCH = YES;
				"CODE_SIGN_IDENTITY[sdk=iphoneos*]" = "iPhone Developer";
				COPY_PHASE_STRIP = NO;
				DEBUG_INFORMATION_FORMAT = dwarf;
				ENABLE_STRICT_OBJC_MSGSEND = YES;
				ENABLE_TESTABILITY = YES;
				GCC_C_LANGUAGE_STANDARD = gnu99;
				GCC_DYNAMIC_NO_PIC = NO;
				GCC_NO_COMMON_BLOCKS = YES;
				GCC_OPTIMIZATION_LEVEL = 0;
				GCC_PREPROCESSOR_DEFINITIONS = (
					"DEBUG=1",
					"$(inherited)",
				);
				GCC_WARN_64_TO_32_BIT_CONVERSION = YES;
				GCC_WARN_ABOUT_RETURN_TYPE = YES_ERROR;
				GCC_WARN_UNDECLARED_SELECTOR = YES;
				GCC_WARN_UNINITIALIZED_AUTOS = YES_AGGRESSIVE;
				GCC_WARN_UNUSED_FUNCTION = YES;
				GCC_WARN_UNUSED_VARIABLE = YES;
				IPHONEOS_DEPLOYMENT_TARGET = 10.2;
				MTL_ENABLE_DEBUG_INFO = YES;
				ONLY_ACTIVE_ARCH = YES;
				SDKROOT = iphoneos;
				SWIFT_ACTIVE_COMPILATION_CONDITIONS = DEBUG;
				SWIFT_OPTIMIZATION_LEVEL = "-Onone";
				TARGETED_DEVICE_FAMILY = "1,2";
			};
			name = Debug;
		};
		3E75AD861E3E1EC8001FC553 /* Release */ = {
			isa = XCBuildConfiguration;
			buildSettings = {
				ALWAYS_SEARCH_USER_PATHS = NO;
				CLANG_ANALYZER_NONNULL = YES;
				CLANG_CXX_LANGUAGE_STANDARD = "gnu++0x";
				CLANG_CXX_LIBRARY = "libc++";
				CLANG_ENABLE_MODULES = YES;
				CLANG_ENABLE_OBJC_ARC = YES;
				CLANG_WARN_BOOL_CONVERSION = YES;
				CLANG_WARN_CONSTANT_CONVERSION = YES;
				CLANG_WARN_DIRECT_OBJC_ISA_USAGE = YES_ERROR;
				CLANG_WARN_DOCUMENTATION_COMMENTS = YES;
				CLANG_WARN_EMPTY_BODY = YES;
				CLANG_WARN_ENUM_CONVERSION = YES;
				CLANG_WARN_INFINITE_RECURSION = YES;
				CLANG_WARN_INT_CONVERSION = YES;
				CLANG_WARN_OBJC_ROOT_CLASS = YES_ERROR;
				CLANG_WARN_SUSPICIOUS_MOVE = YES;
				CLANG_WARN_UNREACHABLE_CODE = YES;
				CLANG_WARN__DUPLICATE_METHOD_MATCH = YES;
				"CODE_SIGN_IDENTITY[sdk=iphoneos*]" = "iPhone Developer";
				COPY_PHASE_STRIP = NO;
				DEBUG_INFORMATION_FORMAT = "dwarf-with-dsym";
				ENABLE_NS_ASSERTIONS = NO;
				ENABLE_STRICT_OBJC_MSGSEND = YES;
				GCC_C_LANGUAGE_STANDARD = gnu99;
				GCC_NO_COMMON_BLOCKS = YES;
				GCC_WARN_64_TO_32_BIT_CONVERSION = YES;
				GCC_WARN_ABOUT_RETURN_TYPE = YES_ERROR;
				GCC_WARN_UNDECLARED_SELECTOR = YES;
				GCC_WARN_UNINITIALIZED_AUTOS = YES_AGGRESSIVE;
				GCC_WARN_UNUSED_FUNCTION = YES;
				GCC_WARN_UNUSED_VARIABLE = YES;
				IPHONEOS_DEPLOYMENT_TARGET = 10.2;
				MTL_ENABLE_DEBUG_INFO = NO;
				SDKROOT = iphoneos;
				SWIFT_OPTIMIZATION_LEVEL = "-Owholemodule";
				TARGETED_DEVICE_FAMILY = "1,2";
				VALIDATE_PRODUCT = YES;
			};
			name = Release;
		};
		3E75AD881E3E1EC8001FC553 /* Debug */ = {
			isa = XCBuildConfiguration;
			buildSettings = {
				ASSETCATALOG_COMPILER_APPICON_NAME = AppIcon;
				DEVELOPMENT_TEAM = C8G9U4K76Y;
				INFOPLIST_FILE = "Secret Menu for Starbucks 2/Info.plist";
				LD_RUNPATH_SEARCH_PATHS = "$(inherited) @executable_path/Frameworks";
				PRODUCT_BUNDLE_IDENTIFIER = "com.ggogarten.Secret-Menu-for-Starbucks-2";
				PRODUCT_NAME = "$(TARGET_NAME)";
				SWIFT_VERSION = 3.0;
			};
			name = Debug;
		};
		3E75AD891E3E1EC8001FC553 /* Release */ = {
			isa = XCBuildConfiguration;
			buildSettings = {
				ASSETCATALOG_COMPILER_APPICON_NAME = AppIcon;
				DEVELOPMENT_TEAM = C8G9U4K76Y;
				INFOPLIST_FILE = "Secret Menu for Starbucks 2/Info.plist";
				LD_RUNPATH_SEARCH_PATHS = "$(inherited) @executable_path/Frameworks";
				PRODUCT_BUNDLE_IDENTIFIER = "com.ggogarten.Secret-Menu-for-Starbucks-2";
				PRODUCT_NAME = "$(TARGET_NAME)";
				SWIFT_VERSION = 3.0;
			};
			name = Release;
		};
/* End XCBuildConfiguration section */

/* Begin XCConfigurationList section */
		3E75AD6D1E3E1EC8001FC553 /* Build configuration list for PBXProject "Secret Menu for Starbucks 2" */ = {
			isa = XCConfigurationList;
			buildConfigurations = (
				3E75AD851E3E1EC8001FC553 /* Debug */,
				3E75AD861E3E1EC8001FC553 /* Release */,
			);
			defaultConfigurationIsVisible = 0;
			defaultConfigurationName = Release;
		};
		3E75AD871E3E1EC8001FC553 /* Build configuration list for PBXNativeTarget "Secret Menu for Starbucks 2" */ = {
			isa = XCConfigurationList;
			buildConfigurations = (
				3E75AD881E3E1EC8001FC553 /* Debug */,
				3E75AD891E3E1EC8001FC553 /* Release */,
			);
			defaultConfigurationIsVisible = 0;
		};
/* End XCConfigurationList section */

/* Begin XCVersionGroup section */
		3E75AD7C1E3E1EC8001FC553 /* Secret_Menu_for_Starbucks_2.xcdatamodeld */ = {
			isa = XCVersionGroup;
			children = (
				3E75AD7D1E3E1EC8001FC553 /* Secret_Menu_for_Starbucks_2.xcdatamodel */,
			);
			currentVersion = 3E75AD7D1E3E1EC8001FC553 /* Secret_Menu_for_Starbucks_2.xcdatamodel */;
			path = Secret_Menu_for_Starbucks_2.xcdatamodeld;
			sourceTree = "<group>";
			versionGroupType = wrapper.xcdatamodel;
		};
/* End XCVersionGroup section */
	};
	rootObject = 3E75AD6A1E3E1EC8001FC553 /* Project object */;
}
